# This file is automatically @generated by Cargo.
# It is not intended for manual editing.
version = 3

[[package]]
name = "cc"
version = "1.0.76"
source = "registry+https://github.com/rust-lang/crates.io-index"
checksum = "76a284da2e6fe2092f2353e51713435363112dfd60030e22add80be333fb928f"

[[package]]
name = "cty"
version = "0.2.2"
source = "registry+https://github.com/rust-lang/crates.io-index"
checksum = "b365fabc795046672053e29c954733ec3b05e4be654ab130fe8f1f94d7051f35"

[[package]]
name = "lab-tools"
version = "0.1.0"
dependencies = [
 "ocaml",
 "ocaml-build",
]

[[package]]
name = "ocaml"
version = "1.0.0-beta.4"
source = "registry+https://github.com/rust-lang/crates.io-index"
checksum = "d779ffce3c655b8832c794e2c1b3ddc95435ae77b3e4c583be80608fcdff023a"
dependencies = [
 "ocaml-boxroot-sys",
 "ocaml-derive",
 "ocaml-interop",
 "ocaml-sys 0.23.0",
]

[[package]]
name = "ocaml-boxroot-sys"
version = "0.2.0"
source = "registry+https://github.com/rust-lang/crates.io-index"
checksum = "5186393bfbee4ce2bc5bbb82beafb77e85c1d0a557e3cfc8c8a0d63d7845fed5"
dependencies = [
 "cc",
]

[[package]]
name = "ocaml-build"
version = "1.0.0-beta.4"
source = "registry+https://github.com/rust-lang/crates.io-index"
checksum = "ae2b0b155a81c2f3f9e71cb1f47e84d705d852e9ea7c10955d8bce1fa2d26aa0"
dependencies = [
 "proc-macro2",
 "syn",
]

[[package]]
name = "ocaml-derive"
version = "1.0.0-beta.4"
source = "registry+https://github.com/rust-lang/crates.io-index"
checksum = "41b8a18b80c1e6eb602e82ee9f9c7a3d6677d46b9a797767591d329771e7e579"
dependencies = [
 "proc-macro2",
 "quote",
 "syn",
 "synstructure",
]

[[package]]
name = "ocaml-interop"
version = "0.8.8"
source = "registry+https://github.com/rust-lang/crates.io-index"
checksum = "2e01e08412a7e072a90a225d2ae49a2860aeea853ce673bc63891dbf86aed063"
dependencies = [
 "ocaml-boxroot-sys",
 "ocaml-sys 0.22.3",
 "static_assertions",
]

[[package]]
name = "ocaml-sys"
version = "0.22.3"
source = "registry+https://github.com/rust-lang/crates.io-index"
checksum = "73ec6ca7d41458442627435afb8f4671e83fd642e8a560171d671a1f679aa3cf"
dependencies = [
 "cty",
]

[[package]]
name = "ocaml-sys"
version = "0.23.0"
source = "registry+https://github.com/rust-lang/crates.io-index"
checksum = "dc814766094de5f0f1c7e027027eb05c603cd7e235cc04ae195185fddecc1285"
dependencies = [
 "cc",
 "cty",
]

[[package]]
name = "proc-macro2"
version = "1.0.47"
source = "registry+https://github.com/rust-lang/crates.io-index"
checksum = "5ea3d908b0e36316caf9e9e2c4625cdde190a7e6f440d794667ed17a1855e725"
dependencies = [
 "unicode-ident",
]

[[package]]
name = "quote"
version = "1.0.21"
source = "registry+https://github.com/rust-lang/crates.io-index"
checksum = "bbe448f377a7d6961e30f5955f9b8d106c3f5e449d493ee1b125c1d43c2b5179"
dependencies = [
 "proc-macro2",
]

[[package]]
name = "static_assertions"
version = "1.1.0"
source = "registry+https://github.com/rust-lang/crates.io-index"
checksum = "a2eb9349b6444b326872e140eb1cf5e7c522154d69e7a0ffb0fb81c06b37543f"

[[package]]
name = "syn"
version = "1.0.103"
source = "registry+https://github.com/rust-lang/crates.io-index"
checksum = "a864042229133ada95abf3b54fdc62ef5ccabe9515b64717bcb9a1919e59445d"
dependencies = [
 "proc-macro2",
 "quote",
 "unicode-ident",
]

[[package]]
name = "synstructure"
version = "0.12.6"
source = "registry+https://github.com/rust-lang/crates.io-index"
checksum = "f36bdaa60a83aca3921b5259d5400cbf5e90fc51931376a9bd4a0eb79aa7210f"
dependencies = [
 "proc-macro2",
 "quote",
 "syn",
 "unicode-xid",
]

[[package]]
name = "unicode-ident"
version = "1.0.5"
source = "registry+https://github.com/rust-lang/crates.io-index"
checksum = "6ceab39d59e4c9499d4e5a8ee0e2735b891bb7308ac83dfb4e80cad195c9f6f3"

[[package]]
name = "unicode-xid"
version = "0.2.4"
source = "registry+https://github.com/rust-lang/crates.io-index"
checksum = "f962df74c8c05a667b5ee8bcf162993134c104e96440b663c8daa176dc772d8c"
